github.com/caelisco/http-client v0.0.0-20240603024320-87529bec125a h1:fH+i85HxJzBCml0iF2C6sdoVVtfU3ftf4Kzyn3a7ECI=
github.com/caelisco/http-client v0.0.0-20240603024320-87529bec125a/go.mod h1:p/dxRuHYezKJzCczm++98KVFfovAXV1JP8Y6HLaLch0=
github.com/google/uuid v1.6.0 h1:NIvaJDMOsjHA8n1jAhLSgzrAzy1Hgr+hNrb57e+94F0=
github.com/google/uuid v1.6.0/go.mod h1:TIyPZe4MgqvfeYDBFedMoGGpEw/LqOeaOT+nhxU+yHo=
github.com/intergreatme/selfsign v0.0.0-20240611130003-6d3443aca7c7 h1:zPniN4PXjw8W6MwAIBPN2OLhhKjwMOSU/twSbgs/VKU=
github.com/intergreatme/selfsign v0.0.0-20240611130003-6d3443aca7c7/go.mod h1:6jU2PO/5hMAebCSFwAld4KQx+mGZh+YljpOuY9AyLCQ=
github.com/intergreatme/selfsign v0.0.0-20240611183924-53adfbfbdf36 h1:YwtHJyqlWdSCLmOr3aDyisD8bZfVxVxaAXX/6YKem/Y=
github.com/intergreatme/selfsign v0.0.0-20240611183924-53adfbfbdf36/go.mod h1:6jU2PO/5hMAebCSFwAld4KQx+mGZh+YljpOuY9AyLCQ=
github.com/mattn/go-sqlite3 v1.14.22 h1:2gZY6PC6kBnID23Tichd1K+Z0oS6nE/XwU+Vz/5o4kU=
github.com/mattn/go-sqlite3 v1.14.22/go.mod h1:Uh1q+B4BYcTPb+yiD3kU8Ct7aC0hY9fxUwlHK0RXw+Y=
golang.org/x/crypto v0.11.0 h1:6Ewdq3tDic1mg5xRO4milcWCfMVQhI4NkqWWvqejpuA=
golang.org/x/crypto v0.11.0/go.mod h1:xgJhtzW8F9jGdVFWZESrid1U1bjeNy4zgy5cRr/CIio=
golang.org/x/crypto v0.24.0 h1:mnl8DM0o513X8fdIkmyFE/5hTYxbwYOjDS/+rK6qpRI=
golang.org/x/crypto v0.24.0/go.mod h1:Z1PMYSOR5nyMcyAVAIQSKCDwalqy85Aqn1x3Ws4L5DM=
software.sslmate.com/src/go-pkcs12 v0.4.0 h1:H2g08FrTvSFKUj+D309j1DPfk5APnIdAQAB8aEykJ5k=
software.sslmate.com/src/go-pkcs12 v0.4.0/go.mod h1:Qiz0EyvDRJjjxGyUQa2cCNZn/wMyzrRJ/qcDXOQazLI=
