github.com/caelisco/http-client v0.0.0-20240603024320-87529bec125a h1:fH+i85HxJzBCml0iF2C6sdoVVtfU3ftf4Kzyn3a7ECI=
github.com/caelisco/http-client v0.0.0-20240603024320-87529bec125a/go.mod h1:p/dxRuHYezKJzCczm++98KVFfovAXV1JP8Y6HLaLch0=
github.com/google/uuid v1.6.0 h1:NIvaJDMOsjHA8n1jAhLSgzrAzy1Hgr+hNrb57e+94F0=
github.com/google/uuid v1.6.0/go.mod h1:TIyPZe4MgqvfeYDBFedMoGGpEw/LqOeaOT+nhxU+yHo=
github.com/gorilla/mux v1.8.1 h1:TuBL49tXwgrFYWhqrNgrUNEY92u81SPhu7sTdzQEiWY=
github.com/gorilla/mux v1.8.1/go.mod h1:AKf9I4AEqPTmMytcMc0KkNouC66V3BtZ4qD5fmWSiMQ=
github.com/intergreatme/selfsign v0.0.0-20240612120722-707437289af8 h1:77uXlFM1U+z/O6FbzlhevhaQ/w6HS573tfmoWQqBBu8=
github.com/intergreatme/selfsign v0.0.0-20240612120722-707437289af8/go.mod h1:6jU2PO/5hMAebCSFwAld4KQx+mGZh+YljpOuY9AyLCQ=
github.com/intergreatme/selfsign v0.0.0-20240612122348-1bde6860a18c h1:hbgNDMnizlhi5IoqsLX92ROT7Vz0yImA3g91veBZRL4=
github.com/intergreatme/selfsign v0.0.0-20240612122348-1bde6860a18c/go.mod h1:6jU2PO/5hMAebCSFwAld4KQx+mGZh+YljpOuY9AyLCQ=
github.com/intergreatme/selfsign v0.0.0-20240612132033-b224853fa9fb h1:FbcU4zn0eHA5KBWZvSKkvRkTzSqt/ihudgHibpE66pE=
github.com/intergreatme/selfsign v0.0.0-20240612132033-b224853fa9fb/go.mod h1:6jU2PO/5hMAebCSFwAld4KQx+mGZh+YljpOuY9AyLCQ=
github.com/intergreatme/selfsign v0.0.0-20240612144424-59f23c82cfaa h1:OjuBTlTrJedf53EyvqdrVDkkMNK3YKBC3xCSQgiyKI4=
github.com/intergreatme/selfsign v0.0.0-20240612144424-59f23c82cfaa/go.mod h1:6jU2PO/5hMAebCSFwAld4KQx+mGZh+YljpOuY9AyLCQ=
github.com/mattn/go-sqlite3 v1.14.22 h1:2gZY6PC6kBnID23Tichd1K+Z0oS6nE/XwU+Vz/5o4kU=
github.com/mattn/go-sqlite3 v1.14.22/go.mod h1:Uh1q+B4BYcTPb+yiD3kU8Ct7aC0hY9fxUwlHK0RXw+Y=
golang.org/x/crypto v0.24.0 h1:mnl8DM0o513X8fdIkmyFE/5hTYxbwYOjDS/+rK6qpRI=
golang.org/x/crypto v0.24.0/go.mod h1:Z1PMYSOR5nyMcyAVAIQSKCDwalqy85Aqn1x3Ws4L5DM=
gopkg.in/check.v1 v0.0.0-20161208181325-20d25e280405/go.mod h1:Co6ibVJAznAaIkqp8huTwlJQCZ016jof/cbN4VW5Yz0=
gopkg.in/yaml.v2 v2.4.0 h1:D8xgwECY7CYvx+Y2n4sBz93Jn9JRvxdiyyo8CTfuKaY=
gopkg.in/yaml.v2 v2.4.0/go.mod h1:RDklbk79AGWmwhnvt/jBztapEOGDOx6ZbXqjP6csGnQ=
software.sslmate.com/src/go-pkcs12 v0.4.0 h1:H2g08FrTvSFKUj+D309j1DPfk5APnIdAQAB8aEykJ5k=
software.sslmate.com/src/go-pkcs12 v0.4.0/go.mod h1:Qiz0EyvDRJjjxGyUQa2cCNZn/wMyzrRJ/qcDXOQazLI=
